
Microsoft Visual Studio Solution File, Format Version 12.00
# Visual Studio 15
Project("{FAE04EC0-301F-11D3-BF4B-00C04F79EFBC}") = "Assembly-CSharp", "Assembly-CSharp.csproj", "{29BCFB6D-D582-A14D-761C-5217DA0B808F}"
EndProject
Project("{FAE04EC0-301F-11D3-BF4B-00C04F79EFBC}") = "Assembly-CSharp-Editor", "Assembly-CSharp-Editor.csproj", "{32FAC9A0-9A16-88BF-11B3-F111088FC7FD}"
EndProject
Global
	GlobalSection(SolutionConfigurationPlatforms) = preSolution
		Debug|Any CPU = Debug|Any CPU
		Release|Any CPU = Release|Any CPU
	EndGlobalSection
	GlobalSection(ProjectConfigurationPlatforms) = postSolution
		{29BCFB6D-D582-A14D-761C-5217DA0B808F}.Debug|Any CPU.ActiveCfg = Debug|Any CPU
		{29BCFB6D-D582-A14D-761C-5217DA0B808F}.Debug|Any CPU.Build.0 = Debug|Any CPU
		{29BCFB6D-D582-A14D-761C-5217DA0B808F}.Release|Any CPU.ActiveCfg = Release|Any CPU
		{29BCFB6D-D582-A14D-761C-5217DA0B808F}.Release|Any CPU.Build.0 = Release|Any CPU
		{32FAC9A0-9A16-88BF-11B3-F111088FC7FD}.Debug|Any CPU.ActiveCfg = Debug|Any CPU
		{32FAC9A0-9A16-88BF-11B3-F111088FC7FD}.Debug|Any CPU.Build.0 = Debug|Any CPU
		{32FAC9A0-9A16-88BF-11B3-F111088FC7FD}.Release|Any CPU.ActiveCfg = Release|Any CPU
		{32FAC9A0-9A16-88BF-11B3-F111088FC7FD}.Release|Any CPU.Build.0 = Release|Any CPU
	EndGlobalSection
	GlobalSection(SolutionProperties) = preSolution
		HideSolutionNode = FALSE
	EndGlobalSection
EndGlobal
